
Microsoft Visual Studio Solution File, Format Version 12.00
# Visual Studio 15
VisualStudioVersion = 15.0.27004.2002
MinimumVisualStudioVersion = 10.0.40219.1
Project("{FAE04EC0-301F-11D3-BF4B-00C04F79EFBC}") = "Demo_Solution", "Demo_Solution\Demo_Solution.csproj", "{A21D4916-ADCB-4C44-AFAA-49CEC1612D28}"
EndProject
Global
	GlobalSection(SolutionConfigurationPlatforms) = preSolution
		Debug|Any CPU = Debug|Any CPU
		Release|Any CPU = Release|Any CPU
	EndGlobalSection
	GlobalSection(ProjectConfigurationPlatforms) = postSolution
		{A21D4916-ADCB-4C44-AFAA-49CEC1612D28}.Debug|Any CPU.ActiveCfg = Debug|Any CPU
		{A21D4916-ADCB-4C44-AFAA-49CEC1612D28}.Debug|Any CPU.Build.0 = Debug|Any CPU
		{A21D4916-ADCB-4C44-AFAA-49CEC1612D28}.Release|Any CPU.ActiveCfg = Release|Any CPU
		{A21D4916-ADCB-4C44-AFAA-49CEC1612D28}.Release|Any CPU.Build.0 = Release|Any CPU
	EndGlobalSection
	GlobalSection(SolutionProperties) = preSolution
		HideSolutionNode = FALSE
	EndGlobalSection
	GlobalSection(ExtensibilityGlobals) = postSolution
		SolutionGuid = {781CDC6C-0E98-4BD9-8699-5F240BDE89FF}
	EndGlobalSection
EndGlobal
